
Microsoft Visual Studio Solution File, Format Version 12.00
# Visual Studio Version 16
VisualStudioVersion = 16.0.31321.278
MinimumVisualStudioVersion = 10.0.40219.1
Project("{FAE04EC0-301F-11D3-BF4B-00C04F79EFBC}") = "HUIT_ASPMVC", "HUIT_ASPMVC\HUIT_ASPMVC.csproj", "{0DD82E03-6C16-4308-B299-28EA4AEB7BC8}"
EndProject
Global
	GlobalSection(SolutionConfigurationPlatforms) = preSolution
		Debug|Any CPU = Debug|Any CPU
		Release|Any CPU = Release|Any CPU
	EndGlobalSection
	GlobalSection(ProjectConfigurationPlatforms) = postSolution
		{0DD82E03-6C16-4308-B299-28EA4AEB7BC8}.Debug|Any CPU.ActiveCfg = Debug|Any CPU
		{0DD82E03-6C16-4308-B299-28EA4AEB7BC8}.Debug|Any CPU.Build.0 = Debug|Any CPU
		{0DD82E03-6C16-4308-B299-28EA4AEB7BC8}.Release|Any CPU.ActiveCfg = Release|Any CPU
		{0DD82E03-6C16-4308-B299-28EA4AEB7BC8}.Release|Any CPU.Build.0 = Release|Any CPU
	EndGlobalSection
	GlobalSection(SolutionProperties) = preSolution
		HideSolutionNode = FALSE
	EndGlobalSection
	GlobalSection(ExtensibilityGlobals) = postSolution
		SolutionGuid = {A8FF4A0A-2511-455B-B459-9D835099EB5F}
	EndGlobalSection
EndGlobal
